
Microsoft Visual Studio Solution File, Format Version 12.00
# Visual Studio Version 17
VisualStudioVersion = 17.2.32616.157
MinimumVisualStudioVersion = 10.0.40219.1
Project("{FAE04EC0-301F-11D3-BF4B-00C04F79EFBC}") = "Werknemer_WPF", "Werknemer_WPF\Werknemer_WPF.csproj", "{2305B30F-33BB-4512-9802-1FC4D3B00457}"
EndProject
Global
	GlobalSection(SolutionConfigurationPlatforms) = preSolution
		Debug|Any CPU = Debug|Any CPU
		Release|Any CPU = Release|Any CPU
	EndGlobalSection
	GlobalSection(ProjectConfigurationPlatforms) = postSolution
		{2305B30F-33BB-4512-9802-1FC4D3B00457}.Debug|Any CPU.ActiveCfg = Debug|Any CPU
		{2305B30F-33BB-4512-9802-1FC4D3B00457}.Debug|Any CPU.Build.0 = Debug|Any CPU
		{2305B30F-33BB-4512-9802-1FC4D3B00457}.Release|Any CPU.ActiveCfg = Release|Any CPU
		{2305B30F-33BB-4512-9802-1FC4D3B00457}.Release|Any CPU.Build.0 = Release|Any CPU
	EndGlobalSection
	GlobalSection(SolutionProperties) = preSolution
		HideSolutionNode = FALSE
	EndGlobalSection
	GlobalSection(ExtensibilityGlobals) = postSolution
		SolutionGuid = {DE880172-33D4-4D11-B35D-15B0A272EF35}
	EndGlobalSection
EndGlobal
