
Microsoft Visual Studio Solution File, Format Version 12.00
# Visual Studio Version 17
VisualStudioVersion = 17.2.32616.157
MinimumVisualStudioVersion = 10.0.40219.1
Project("{FAE04EC0-301F-11D3-BF4B-00C04F79EFBC}") = "Maaltafel_WPF", "Maaltafel_WPF\Maaltafel_WPF.csproj", "{4826AA3D-5806-4C2C-9865-46AFFE5CA746}"
EndProject
Global
	GlobalSection(SolutionConfigurationPlatforms) = preSolution
		Debug|Any CPU = Debug|Any CPU
		Release|Any CPU = Release|Any CPU
	EndGlobalSection
	GlobalSection(ProjectConfigurationPlatforms) = postSolution
		{4826AA3D-5806-4C2C-9865-46AFFE5CA746}.Debug|Any CPU.ActiveCfg = Debug|Any CPU
		{4826AA3D-5806-4C2C-9865-46AFFE5CA746}.Debug|Any CPU.Build.0 = Debug|Any CPU
		{4826AA3D-5806-4C2C-9865-46AFFE5CA746}.Release|Any CPU.ActiveCfg = Release|Any CPU
		{4826AA3D-5806-4C2C-9865-46AFFE5CA746}.Release|Any CPU.Build.0 = Release|Any CPU
	EndGlobalSection
	GlobalSection(SolutionProperties) = preSolution
		HideSolutionNode = FALSE
	EndGlobalSection
	GlobalSection(ExtensibilityGlobals) = postSolution
		SolutionGuid = {85ED2DBC-5A0E-4105-B032-94BE65F2D3B0}
	EndGlobalSection
EndGlobal
