
Microsoft Visual Studio Solution File, Format Version 12.00
# Visual Studio Version 17
VisualStudioVersion = 17.2.32616.157
MinimumVisualStudioVersion = 10.0.40219.1
Project("{FAE04EC0-301F-11D3-BF4B-00C04F79EFBC}") = "Vierkant_WPF", "Vierkant_WPF\Vierkant_WPF.csproj", "{8BCADB1D-A517-456C-BAE3-D57C39F0F29B}"
EndProject
Project("{FAE04EC0-301F-11D3-BF4B-00C04F79EFBC}") = "Vierkant_Models", "Vierkant_Models\Vierkant_Models.csproj", "{0B5BFB30-0B39-4A6F-9291-D1CD1836850E}"
EndProject
Global
	GlobalSection(SolutionConfigurationPlatforms) = preSolution
		Debug|Any CPU = Debug|Any CPU
		Release|Any CPU = Release|Any CPU
	EndGlobalSection
	GlobalSection(ProjectConfigurationPlatforms) = postSolution
		{8BCADB1D-A517-456C-BAE3-D57C39F0F29B}.Debug|Any CPU.ActiveCfg = Debug|Any CPU
		{8BCADB1D-A517-456C-BAE3-D57C39F0F29B}.Debug|Any CPU.Build.0 = Debug|Any CPU
		{8BCADB1D-A517-456C-BAE3-D57C39F0F29B}.Release|Any CPU.ActiveCfg = Release|Any CPU
		{8BCADB1D-A517-456C-BAE3-D57C39F0F29B}.Release|Any CPU.Build.0 = Release|Any CPU
		{0B5BFB30-0B39-4A6F-9291-D1CD1836850E}.Debug|Any CPU.ActiveCfg = Debug|Any CPU
		{0B5BFB30-0B39-4A6F-9291-D1CD1836850E}.Debug|Any CPU.Build.0 = Debug|Any CPU
		{0B5BFB30-0B39-4A6F-9291-D1CD1836850E}.Release|Any CPU.ActiveCfg = Release|Any CPU
		{0B5BFB30-0B39-4A6F-9291-D1CD1836850E}.Release|Any CPU.Build.0 = Release|Any CPU
	EndGlobalSection
	GlobalSection(SolutionProperties) = preSolution
		HideSolutionNode = FALSE
	EndGlobalSection
	GlobalSection(ExtensibilityGlobals) = postSolution
		SolutionGuid = {5E991019-783E-4721-8054-7931052AFA27}
	EndGlobalSection
EndGlobal
