
Microsoft Visual Studio Solution File, Format Version 12.00
# Visual Studio Version 17
VisualStudioVersion = 17.2.32616.157
MinimumVisualStudioVersion = 10.0.40219.1
Project("{FAE04EC0-301F-11D3-BF4B-00C04F79EFBC}") = "IdeaalGewicht_WPF", "IdeaalGewicht_WPF\IdeaalGewicht_WPF.csproj", "{89F63C21-7635-42E4-9DEF-5FE26B4FDAAD}"
EndProject
Global
	GlobalSection(SolutionConfigurationPlatforms) = preSolution
		Debug|Any CPU = Debug|Any CPU
		Release|Any CPU = Release|Any CPU
	EndGlobalSection
	GlobalSection(ProjectConfigurationPlatforms) = postSolution
		{89F63C21-7635-42E4-9DEF-5FE26B4FDAAD}.Debug|Any CPU.ActiveCfg = Debug|Any CPU
		{89F63C21-7635-42E4-9DEF-5FE26B4FDAAD}.Debug|Any CPU.Build.0 = Debug|Any CPU
		{89F63C21-7635-42E4-9DEF-5FE26B4FDAAD}.Release|Any CPU.ActiveCfg = Release|Any CPU
		{89F63C21-7635-42E4-9DEF-5FE26B4FDAAD}.Release|Any CPU.Build.0 = Release|Any CPU
	EndGlobalSection
	GlobalSection(SolutionProperties) = preSolution
		HideSolutionNode = FALSE
	EndGlobalSection
	GlobalSection(ExtensibilityGlobals) = postSolution
		SolutionGuid = {4FB73DAD-5EB2-4CA7-A1AA-2D4B98FDDF19}
	EndGlobalSection
EndGlobal
