
Microsoft Visual Studio Solution File, Format Version 12.00
# Visual Studio Version 17
VisualStudioVersion = 17.2.32616.157
MinimumVisualStudioVersion = 10.0.40219.1
Project("{FAE04EC0-301F-11D3-BF4B-00C04F79EFBC}") = "Lamp_WPF", "Lamp_WPF\Lamp_WPF.csproj", "{1A38E997-B8D1-4F4E-8BC5-24D0B13D0D9B}"
EndProject
Project("{FAE04EC0-301F-11D3-BF4B-00C04F79EFBC}") = "Lamp_Models", "Lamp_Models\Lamp_Models.csproj", "{AD3FEB31-F990-4144-A8D8-ED5481EDC04A}"
EndProject
Global
	GlobalSection(SolutionConfigurationPlatforms) = preSolution
		Debug|Any CPU = Debug|Any CPU
		Release|Any CPU = Release|Any CPU
	EndGlobalSection
	GlobalSection(ProjectConfigurationPlatforms) = postSolution
		{1A38E997-B8D1-4F4E-8BC5-24D0B13D0D9B}.Debug|Any CPU.ActiveCfg = Debug|Any CPU
		{1A38E997-B8D1-4F4E-8BC5-24D0B13D0D9B}.Debug|Any CPU.Build.0 = Debug|Any CPU
		{1A38E997-B8D1-4F4E-8BC5-24D0B13D0D9B}.Release|Any CPU.ActiveCfg = Release|Any CPU
		{1A38E997-B8D1-4F4E-8BC5-24D0B13D0D9B}.Release|Any CPU.Build.0 = Release|Any CPU
		{AD3FEB31-F990-4144-A8D8-ED5481EDC04A}.Debug|Any CPU.ActiveCfg = Debug|Any CPU
		{AD3FEB31-F990-4144-A8D8-ED5481EDC04A}.Debug|Any CPU.Build.0 = Debug|Any CPU
		{AD3FEB31-F990-4144-A8D8-ED5481EDC04A}.Release|Any CPU.ActiveCfg = Release|Any CPU
		{AD3FEB31-F990-4144-A8D8-ED5481EDC04A}.Release|Any CPU.Build.0 = Release|Any CPU
	EndGlobalSection
	GlobalSection(SolutionProperties) = preSolution
		HideSolutionNode = FALSE
	EndGlobalSection
	GlobalSection(ExtensibilityGlobals) = postSolution
		SolutionGuid = {61643599-5D66-44DB-9B5A-C480BD7AFA0F}
	EndGlobalSection
EndGlobal
