
Microsoft Visual Studio Solution File, Format Version 12.00
# Visual Studio Version 17
VisualStudioVersion = 17.2.32616.157
MinimumVisualStudioVersion = 10.0.40219.1
Project("{FAE04EC0-301F-11D3-BF4B-00C04F79EFBC}") = "Dieren_WPF", "Dieren_WPF\Dieren_WPF.csproj", "{BA00D12E-5C43-4E93-B711-D32E57F2D711}"
EndProject
Project("{FAE04EC0-301F-11D3-BF4B-00C04F79EFBC}") = "Dieren_Models", "Dieren_Models\Dieren_Models.csproj", "{B882A569-20D7-4B5C-8168-5EF6BC0600B4}"
EndProject
Project("{FAE04EC0-301F-11D3-BF4B-00C04F79EFBC}") = "Dieren_DAL", "Dieren_DAL\Dieren_DAL.csproj", "{610BB17B-5F38-4B4F-B5EE-55F517EBC5D3}"
EndProject
Global
	GlobalSection(SolutionConfigurationPlatforms) = preSolution
		Debug|Any CPU = Debug|Any CPU
		Release|Any CPU = Release|Any CPU
	EndGlobalSection
	GlobalSection(ProjectConfigurationPlatforms) = postSolution
		{BA00D12E-5C43-4E93-B711-D32E57F2D711}.Debug|Any CPU.ActiveCfg = Debug|Any CPU
		{BA00D12E-5C43-4E93-B711-D32E57F2D711}.Debug|Any CPU.Build.0 = Debug|Any CPU
		{BA00D12E-5C43-4E93-B711-D32E57F2D711}.Release|Any CPU.ActiveCfg = Release|Any CPU
		{BA00D12E-5C43-4E93-B711-D32E57F2D711}.Release|Any CPU.Build.0 = Release|Any CPU
		{B882A569-20D7-4B5C-8168-5EF6BC0600B4}.Debug|Any CPU.ActiveCfg = Debug|Any CPU
		{B882A569-20D7-4B5C-8168-5EF6BC0600B4}.Debug|Any CPU.Build.0 = Debug|Any CPU
		{B882A569-20D7-4B5C-8168-5EF6BC0600B4}.Release|Any CPU.ActiveCfg = Release|Any CPU
		{B882A569-20D7-4B5C-8168-5EF6BC0600B4}.Release|Any CPU.Build.0 = Release|Any CPU
		{610BB17B-5F38-4B4F-B5EE-55F517EBC5D3}.Debug|Any CPU.ActiveCfg = Debug|Any CPU
		{610BB17B-5F38-4B4F-B5EE-55F517EBC5D3}.Debug|Any CPU.Build.0 = Debug|Any CPU
		{610BB17B-5F38-4B4F-B5EE-55F517EBC5D3}.Release|Any CPU.ActiveCfg = Release|Any CPU
		{610BB17B-5F38-4B4F-B5EE-55F517EBC5D3}.Release|Any CPU.Build.0 = Release|Any CPU
	EndGlobalSection
	GlobalSection(SolutionProperties) = preSolution
		HideSolutionNode = FALSE
	EndGlobalSection
	GlobalSection(ExtensibilityGlobals) = postSolution
		SolutionGuid = {CBB3C5CE-CDAD-4C61-9363-898F7559F7DA}
	EndGlobalSection
EndGlobal
