
Microsoft Visual Studio Solution File, Format Version 12.00
# Visual Studio Version 17
VisualStudioVersion = 17.2.32616.157
MinimumVisualStudioVersion = 10.0.40219.1
Project("{FAE04EC0-301F-11D3-BF4B-00C04F79EFBC}") = "Cursist_WPF", "Cursist_WPF\Cursist_WPF.csproj", "{FECA040C-B624-44C3-8700-A84A3BD2F6ED}"
EndProject
Project("{FAE04EC0-301F-11D3-BF4B-00C04F79EFBC}") = "Cursist_Models", "Cursist_Models\Cursist_Models.csproj", "{F406017F-E481-4228-864F-C7779AC93927}"
EndProject
Project("{FAE04EC0-301F-11D3-BF4B-00C04F79EFBC}") = "Cursist_DAL", "Cursist_DAL\Cursist_DAL.csproj", "{248B36E4-C96E-49D3-8C2A-D7B04F2B5147}"
EndProject
Global
	GlobalSection(SolutionConfigurationPlatforms) = preSolution
		Debug|Any CPU = Debug|Any CPU
		Release|Any CPU = Release|Any CPU
	EndGlobalSection
	GlobalSection(ProjectConfigurationPlatforms) = postSolution
		{FECA040C-B624-44C3-8700-A84A3BD2F6ED}.Debug|Any CPU.ActiveCfg = Debug|Any CPU
		{FECA040C-B624-44C3-8700-A84A3BD2F6ED}.Debug|Any CPU.Build.0 = Debug|Any CPU
		{FECA040C-B624-44C3-8700-A84A3BD2F6ED}.Release|Any CPU.ActiveCfg = Release|Any CPU
		{FECA040C-B624-44C3-8700-A84A3BD2F6ED}.Release|Any CPU.Build.0 = Release|Any CPU
		{F406017F-E481-4228-864F-C7779AC93927}.Debug|Any CPU.ActiveCfg = Debug|Any CPU
		{F406017F-E481-4228-864F-C7779AC93927}.Debug|Any CPU.Build.0 = Debug|Any CPU
		{F406017F-E481-4228-864F-C7779AC93927}.Release|Any CPU.ActiveCfg = Release|Any CPU
		{F406017F-E481-4228-864F-C7779AC93927}.Release|Any CPU.Build.0 = Release|Any CPU
		{248B36E4-C96E-49D3-8C2A-D7B04F2B5147}.Debug|Any CPU.ActiveCfg = Debug|Any CPU
		{248B36E4-C96E-49D3-8C2A-D7B04F2B5147}.Debug|Any CPU.Build.0 = Debug|Any CPU
		{248B36E4-C96E-49D3-8C2A-D7B04F2B5147}.Release|Any CPU.ActiveCfg = Release|Any CPU
		{248B36E4-C96E-49D3-8C2A-D7B04F2B5147}.Release|Any CPU.Build.0 = Release|Any CPU
	EndGlobalSection
	GlobalSection(SolutionProperties) = preSolution
		HideSolutionNode = FALSE
	EndGlobalSection
	GlobalSection(ExtensibilityGlobals) = postSolution
		SolutionGuid = {85E9FCC6-C633-4FC6-9726-13BBC16422D5}
	EndGlobalSection
EndGlobal
