
Microsoft Visual Studio Solution File, Format Version 12.00
# Visual Studio Version 17
VisualStudioVersion = 17.2.32616.157
MinimumVisualStudioVersion = 10.0.40219.1
Project("{FAE04EC0-301F-11D3-BF4B-00C04F79EFBC}") = "Cilinder_WPF", "Cilinder_WPF\Cilinder_WPF.csproj", "{EF60F9B5-1DB8-4D92-9A7C-26D5109B9238}"
EndProject
Project("{FAE04EC0-301F-11D3-BF4B-00C04F79EFBC}") = "Cilinder_Models", "Cilinder_Models\Cilinder_Models.csproj", "{337D1753-17E3-4A51-BDC9-BC63DB8FD0D3}"
EndProject
Project("{FAE04EC0-301F-11D3-BF4B-00C04F79EFBC}") = "Cilinder_DAL", "Cilinder_DAL\Cilinder_DAL.csproj", "{F7B0293E-A466-48E5-81EE-CA9F21B06F92}"
EndProject
Global
	GlobalSection(SolutionConfigurationPlatforms) = preSolution
		Debug|Any CPU = Debug|Any CPU
		Release|Any CPU = Release|Any CPU
	EndGlobalSection
	GlobalSection(ProjectConfigurationPlatforms) = postSolution
		{EF60F9B5-1DB8-4D92-9A7C-26D5109B9238}.Debug|Any CPU.ActiveCfg = Debug|Any CPU
		{EF60F9B5-1DB8-4D92-9A7C-26D5109B9238}.Debug|Any CPU.Build.0 = Debug|Any CPU
		{EF60F9B5-1DB8-4D92-9A7C-26D5109B9238}.Release|Any CPU.ActiveCfg = Release|Any CPU
		{EF60F9B5-1DB8-4D92-9A7C-26D5109B9238}.Release|Any CPU.Build.0 = Release|Any CPU
		{337D1753-17E3-4A51-BDC9-BC63DB8FD0D3}.Debug|Any CPU.ActiveCfg = Debug|Any CPU
		{337D1753-17E3-4A51-BDC9-BC63DB8FD0D3}.Debug|Any CPU.Build.0 = Debug|Any CPU
		{337D1753-17E3-4A51-BDC9-BC63DB8FD0D3}.Release|Any CPU.ActiveCfg = Release|Any CPU
		{337D1753-17E3-4A51-BDC9-BC63DB8FD0D3}.Release|Any CPU.Build.0 = Release|Any CPU
		{F7B0293E-A466-48E5-81EE-CA9F21B06F92}.Debug|Any CPU.ActiveCfg = Debug|Any CPU
		{F7B0293E-A466-48E5-81EE-CA9F21B06F92}.Debug|Any CPU.Build.0 = Debug|Any CPU
		{F7B0293E-A466-48E5-81EE-CA9F21B06F92}.Release|Any CPU.ActiveCfg = Release|Any CPU
		{F7B0293E-A466-48E5-81EE-CA9F21B06F92}.Release|Any CPU.Build.0 = Release|Any CPU
	EndGlobalSection
	GlobalSection(SolutionProperties) = preSolution
		HideSolutionNode = FALSE
	EndGlobalSection
	GlobalSection(ExtensibilityGlobals) = postSolution
		SolutionGuid = {35148753-10C8-4554-BB6E-2C4408226AF4}
	EndGlobalSection
EndGlobal
