
Microsoft Visual Studio Solution File, Format Version 12.00
# Visual Studio Version 17
VisualStudioVersion = 17.2.32616.157
MinimumVisualStudioVersion = 10.0.40219.1
Project("{FAE04EC0-301F-11D3-BF4B-00C04F79EFBC}") = "Klant_WPF", "Klant_WPF\Klant_WPF.csproj", "{D0675340-9FFF-41C8-82CB-2ABA2A301D54}"
EndProject
Project("{FAE04EC0-301F-11D3-BF4B-00C04F79EFBC}") = "Klant_Models", "Klant_Models\Klant_Models.csproj", "{4C9CCCAC-9CE1-4722-8291-D0053FA2821A}"
EndProject
Project("{FAE04EC0-301F-11D3-BF4B-00C04F79EFBC}") = "Klant_DAL", "Klant_DAL\Klant_DAL.csproj", "{B29FBF0D-1A14-4D83-AF82-A4BF4243E746}"
EndProject
Global
	GlobalSection(SolutionConfigurationPlatforms) = preSolution
		Debug|Any CPU = Debug|Any CPU
		Release|Any CPU = Release|Any CPU
	EndGlobalSection
	GlobalSection(ProjectConfigurationPlatforms) = postSolution
		{D0675340-9FFF-41C8-82CB-2ABA2A301D54}.Debug|Any CPU.ActiveCfg = Debug|Any CPU
		{D0675340-9FFF-41C8-82CB-2ABA2A301D54}.Debug|Any CPU.Build.0 = Debug|Any CPU
		{D0675340-9FFF-41C8-82CB-2ABA2A301D54}.Release|Any CPU.ActiveCfg = Release|Any CPU
		{D0675340-9FFF-41C8-82CB-2ABA2A301D54}.Release|Any CPU.Build.0 = Release|Any CPU
		{4C9CCCAC-9CE1-4722-8291-D0053FA2821A}.Debug|Any CPU.ActiveCfg = Debug|Any CPU
		{4C9CCCAC-9CE1-4722-8291-D0053FA2821A}.Debug|Any CPU.Build.0 = Debug|Any CPU
		{4C9CCCAC-9CE1-4722-8291-D0053FA2821A}.Release|Any CPU.ActiveCfg = Release|Any CPU
		{4C9CCCAC-9CE1-4722-8291-D0053FA2821A}.Release|Any CPU.Build.0 = Release|Any CPU
		{B29FBF0D-1A14-4D83-AF82-A4BF4243E746}.Debug|Any CPU.ActiveCfg = Debug|Any CPU
		{B29FBF0D-1A14-4D83-AF82-A4BF4243E746}.Debug|Any CPU.Build.0 = Debug|Any CPU
		{B29FBF0D-1A14-4D83-AF82-A4BF4243E746}.Release|Any CPU.ActiveCfg = Release|Any CPU
		{B29FBF0D-1A14-4D83-AF82-A4BF4243E746}.Release|Any CPU.Build.0 = Release|Any CPU
	EndGlobalSection
	GlobalSection(SolutionProperties) = preSolution
		HideSolutionNode = FALSE
	EndGlobalSection
	GlobalSection(ExtensibilityGlobals) = postSolution
		SolutionGuid = {C62FE48B-2193-47F9-8BD3-001240F3314B}
	EndGlobalSection
EndGlobal
